
Microsoft Visual Studio Solution File, Format Version 12.00
# Visual Studio Version 16
VisualStudioVersion = 16.0.28922.388
MinimumVisualStudioVersion = 10.0.40219.1
Project("{FAE04EC0-301F-11D3-BF4B-00C04F79EFBC}") = "sun_or_rain.Android", "sun_or_rain.Android\sun_or_rain.Android.csproj", "{7FE97926-11DE-4CB6-9C64-6A6F92402712}"
EndProject
Project("{FAE04EC0-301F-11D3-BF4B-00C04F79EFBC}") = "sun_or_rain.iOS", "sun_or_rain.iOS\sun_or_rain.iOS.csproj", "{48D79E51-270A-493A-BB4C-626173DD4C81}"
EndProject
Project("{FAE04EC0-301F-11D3-BF4B-00C04F79EFBC}") = "sun_or_rain", "sun_or_rain\sun_or_rain.csproj", "{9F326269-32AB-4284-B6A4-1ABE7B3F95E6}"
EndProject
Global
	GlobalSection(SolutionConfigurationPlatforms) = preSolution
		Debug|Any CPU = Debug|Any CPU
		Debug|iPhone = Debug|iPhone
		Debug|iPhoneSimulator = Debug|iPhoneSimulator
		Release|Any CPU = Release|Any CPU
		Release|iPhone = Release|iPhone
		Release|iPhoneSimulator = Release|iPhoneSimulator
	EndGlobalSection
	GlobalSection(ProjectConfigurationPlatforms) = postSolution
		{7FE97926-11DE-4CB6-9C64-6A6F92402712}.Debug|Any CPU.ActiveCfg = Debug|Any CPU
		{7FE97926-11DE-4CB6-9C64-6A6F92402712}.Debug|Any CPU.Build.0 = Debug|Any CPU
		{7FE97926-11DE-4CB6-9C64-6A6F92402712}.Debug|Any CPU.Deploy.0 = Debug|Any CPU
		{7FE97926-11DE-4CB6-9C64-6A6F92402712}.Debug|iPhone.ActiveCfg = Debug|Any CPU
		{7FE97926-11DE-4CB6-9C64-6A6F92402712}.Debug|iPhone.Build.0 = Debug|Any CPU
		{7FE97926-11DE-4CB6-9C64-6A6F92402712}.Debug|iPhone.Deploy.0 = Debug|Any CPU
		{7FE97926-11DE-4CB6-9C64-6A6F92402712}.Debug|iPhoneSimulator.ActiveCfg = Debug|Any CPU
		{7FE97926-11DE-4CB6-9C64-6A6F92402712}.Debug|iPhoneSimulator.Build.0 = Debug|Any CPU
		{7FE97926-11DE-4CB6-9C64-6A6F92402712}.Debug|iPhoneSimulator.Deploy.0 = Debug|Any CPU
		{7FE97926-11DE-4CB6-9C64-6A6F92402712}.Release|Any CPU.ActiveCfg = Release|Any CPU
		{7FE97926-11DE-4CB6-9C64-6A6F92402712}.Release|Any CPU.Build.0 = Release|Any CPU
		{7FE97926-11DE-4CB6-9C64-6A6F92402712}.Release|Any CPU.Deploy.0 = Release|Any CPU
		{7FE97926-11DE-4CB6-9C64-6A6F92402712}.Release|iPhone.ActiveCfg = Release|Any CPU
		{7FE97926-11DE-4CB6-9C64-6A6F92402712}.Release|iPhone.Build.0 = Release|Any CPU
		{7FE97926-11DE-4CB6-9C64-6A6F92402712}.Release|iPhone.Deploy.0 = Release|Any CPU
		{7FE97926-11DE-4CB6-9C64-6A6F92402712}.Release|iPhoneSimulator.ActiveCfg = Release|Any CPU
		{7FE97926-11DE-4CB6-9C64-6A6F92402712}.Release|iPhoneSimulator.Build.0 = Release|Any CPU
		{7FE97926-11DE-4CB6-9C64-6A6F92402712}.Release|iPhoneSimulator.Deploy.0 = Release|Any CPU
		{48D79E51-270A-493A-BB4C-626173DD4C81}.Debug|Any CPU.ActiveCfg = Debug|iPhoneSimulator
		{48D79E51-270A-493A-BB4C-626173DD4C81}.Debug|Any CPU.Build.0 = Debug|iPhoneSimulator
		{48D79E51-270A-493A-BB4C-626173DD4C81}.Debug|Any CPU.Deploy.0 = Debug|iPhoneSimulator
		{48D79E51-270A-493A-BB4C-626173DD4C81}.Debug|iPhone.ActiveCfg = Debug|iPhone
		{48D79E51-270A-493A-BB4C-626173DD4C81}.Debug|iPhone.Build.0 = Debug|iPhone
		{48D79E51-270A-493A-BB4C-626173DD4C81}.Debug|iPhone.Deploy.0 = Debug|iPhone
		{48D79E51-270A-493A-BB4C-626173DD4C81}.Debug|iPhoneSimulator.ActiveCfg = Debug|iPhoneSimulator
		{48D79E51-270A-493A-BB4C-626173DD4C81}.Debug|iPhoneSimulator.Build.0 = Debug|iPhoneSimulator
		{48D79E51-270A-493A-BB4C-626173DD4C81}.Debug|iPhoneSimulator.Deploy.0 = Debug|iPhoneSimulator
		{48D79E51-270A-493A-BB4C-626173DD4C81}.Release|Any CPU.ActiveCfg = Release|iPhone
		{48D79E51-270A-493A-BB4C-626173DD4C81}.Release|Any CPU.Build.0 = Release|iPhone
		{48D79E51-270A-493A-BB4C-626173DD4C81}.Release|Any CPU.Deploy.0 = Release|iPhone
		{48D79E51-270A-493A-BB4C-626173DD4C81}.Release|iPhone.ActiveCfg = Release|iPhone
		{48D79E51-270A-493A-BB4C-626173DD4C81}.Release|iPhone.Build.0 = Release|iPhone
		{48D79E51-270A-493A-BB4C-626173DD4C81}.Release|iPhone.Deploy.0 = Release|iPhone
		{48D79E51-270A-493A-BB4C-626173DD4C81}.Release|iPhoneSimulator.ActiveCfg = Release|iPhoneSimulator
		{48D79E51-270A-493A-BB4C-626173DD4C81}.Release|iPhoneSimulator.Build.0 = Release|iPhoneSimulator
		{48D79E51-270A-493A-BB4C-626173DD4C81}.Release|iPhoneSimulator.Deploy.0 = Release|iPhoneSimulator
		{9F326269-32AB-4284-B6A4-1ABE7B3F95E6}.Debug|Any CPU.ActiveCfg = Debug|Any CPU
		{9F326269-32AB-4284-B6A4-1ABE7B3F95E6}.Debug|Any CPU.Build.0 = Debug|Any CPU
		{9F326269-32AB-4284-B6A4-1ABE7B3F95E6}.Debug|Any CPU.Deploy.0 = Debug|Any CPU
		{9F326269-32AB-4284-B6A4-1ABE7B3F95E6}.Debug|iPhone.ActiveCfg = Debug|Any CPU
		{9F326269-32AB-4284-B6A4-1ABE7B3F95E6}.Debug|iPhone.Build.0 = Debug|Any CPU
		{9F326269-32AB-4284-B6A4-1ABE7B3F95E6}.Debug|iPhone.Deploy.0 = Debug|Any CPU
		{9F326269-32AB-4284-B6A4-1ABE7B3F95E6}.Debug|iPhoneSimulator.ActiveCfg = Debug|Any CPU
		{9F326269-32AB-4284-B6A4-1ABE7B3F95E6}.Debug|iPhoneSimulator.Build.0 = Debug|Any CPU
		{9F326269-32AB-4284-B6A4-1ABE7B3F95E6}.Debug|iPhoneSimulator.Deploy.0 = Debug|Any CPU
		{9F326269-32AB-4284-B6A4-1ABE7B3F95E6}.Release|Any CPU.ActiveCfg = Release|Any CPU
		{9F326269-32AB-4284-B6A4-1ABE7B3F95E6}.Release|Any CPU.Build.0 = Release|Any CPU
		{9F326269-32AB-4284-B6A4-1ABE7B3F95E6}.Release|Any CPU.Deploy.0 = Release|Any CPU
		{9F326269-32AB-4284-B6A4-1ABE7B3F95E6}.Release|iPhone.ActiveCfg = Release|Any CPU
		{9F326269-32AB-4284-B6A4-1ABE7B3F95E6}.Release|iPhone.Build.0 = Release|Any CPU
		{9F326269-32AB-4284-B6A4-1ABE7B3F95E6}.Release|iPhone.Deploy.0 = Release|Any CPU
		{9F326269-32AB-4284-B6A4-1ABE7B3F95E6}.Release|iPhoneSimulator.ActiveCfg = Release|Any CPU
		{9F326269-32AB-4284-B6A4-1ABE7B3F95E6}.Release|iPhoneSimulator.Build.0 = Release|Any CPU
		{9F326269-32AB-4284-B6A4-1ABE7B3F95E6}.Release|iPhoneSimulator.Deploy.0 = Release|Any CPU
	EndGlobalSection
	GlobalSection(SolutionProperties) = preSolution
		HideSolutionNode = FALSE
	EndGlobalSection
	GlobalSection(ExtensibilityGlobals) = postSolution
		SolutionGuid = {79ABF71A-043A-409A-B718-2F578C0A3C25}
	EndGlobalSection
EndGlobal
